
Microsoft Visual Studio Solution File, Format Version 12.00
# Visual Studio Version 17
VisualStudioVersion = 17.7.34024.191
MinimumVisualStudioVersion = 10.0.40219.1
Project("{FAE04EC0-301F-11D3-BF4B-00C04F79EFBC}") = "EMedicineBE", "EMedicineBE.csproj", "{611D2884-9D60-4CFF-B977-FE8CCA1D5C46}"
EndProject
Global
	GlobalSection(SolutionConfigurationPlatforms) = preSolution
		Debug|Any CPU = Debug|Any CPU
		Release|Any CPU = Release|Any CPU
	EndGlobalSection
	GlobalSection(ProjectConfigurationPlatforms) = postSolution
		{611D2884-9D60-4CFF-B977-FE8CCA1D5C46}.Debug|Any CPU.ActiveCfg = Debug|Any CPU
		{611D2884-9D60-4CFF-B977-FE8CCA1D5C46}.Debug|Any CPU.Build.0 = Debug|Any CPU
		{611D2884-9D60-4CFF-B977-FE8CCA1D5C46}.Release|Any CPU.ActiveCfg = Release|Any CPU
		{611D2884-9D60-4CFF-B977-FE8CCA1D5C46}.Release|Any CPU.Build.0 = Release|Any CPU
	EndGlobalSection
	GlobalSection(SolutionProperties) = preSolution
		HideSolutionNode = FALSE
	EndGlobalSection
	GlobalSection(ExtensibilityGlobals) = postSolution
		SolutionGuid = {005FF297-E2D1-4566-BCA4-39CED245A0A3}
	EndGlobalSection
EndGlobal
